
Microsoft Visual Studio Solution File, Format Version 12.00
# Visual Studio Version 17
VisualStudioVersion = 17.2.32630.192
MinimumVisualStudioVersion = 10.0.40219.1
Project("{FAE04EC0-301F-11D3-BF4B-00C04F79EFBC}") = "VetorExemplo", "VetorExemplo\VetorExemplo.csproj", "{33B80CC1-1194-4CC5-A352-1166D0ECD086}"
EndProject
Project("{FAE04EC0-301F-11D3-BF4B-00C04F79EFBC}") = "CadastroJogos", "CadastroJogos\CadastroJogos.csproj", "{24CA8899-99B3-40DF-A8C3-25B5A73FAFCF}"
EndProject
Global
	GlobalSection(SolutionConfigurationPlatforms) = preSolution
		Debug|Any CPU = Debug|Any CPU
		Release|Any CPU = Release|Any CPU
	EndGlobalSection
	GlobalSection(ProjectConfigurationPlatforms) = postSolution
		{33B80CC1-1194-4CC5-A352-1166D0ECD086}.Debug|Any CPU.ActiveCfg = Debug|Any CPU
		{33B80CC1-1194-4CC5-A352-1166D0ECD086}.Debug|Any CPU.Build.0 = Debug|Any CPU
		{33B80CC1-1194-4CC5-A352-1166D0ECD086}.Release|Any CPU.ActiveCfg = Release|Any CPU
		{33B80CC1-1194-4CC5-A352-1166D0ECD086}.Release|Any CPU.Build.0 = Release|Any CPU
		{24CA8899-99B3-40DF-A8C3-25B5A73FAFCF}.Debug|Any CPU.ActiveCfg = Debug|Any CPU
		{24CA8899-99B3-40DF-A8C3-25B5A73FAFCF}.Debug|Any CPU.Build.0 = Debug|Any CPU
		{24CA8899-99B3-40DF-A8C3-25B5A73FAFCF}.Release|Any CPU.ActiveCfg = Release|Any CPU
		{24CA8899-99B3-40DF-A8C3-25B5A73FAFCF}.Release|Any CPU.Build.0 = Release|Any CPU
	EndGlobalSection
	GlobalSection(SolutionProperties) = preSolution
		HideSolutionNode = FALSE
	EndGlobalSection
	GlobalSection(ExtensibilityGlobals) = postSolution
		SolutionGuid = {BB0C0E5E-7271-47CA-8EB4-72DD71B80571}
	EndGlobalSection
EndGlobal
